// !$*UTF8*$!
{
	archiveVersion = 1;
	classes = {
	};
	objectVersion = 55;
	objects = {

/* Begin PBXBuildFile section */
		FA54F06B275A66A8007053AA /* AppDelegate.swift in Sources */ = {isa = PBXBuildFile; fileRef = FA54F06A275A66A8007053AA /* AppDelegate.swift */; };
		FA54F06D275A66A8007053AA /* SceneDelegate.swift in Sources */ = {isa = PBXBuildFile; fileRef = FA54F06C275A66A8007053AA /* SceneDelegate.swift */; };
		FA54F072275A66A8007053AA /* Main.storyboard in Resources */ = {isa = PBXBuildFile; fileRef = FA54F070275A66A8007053AA /* Main.storyboard */; };
		FA54F075275A66A8007053AA /* Waterlove.xcdatamodeld in Sources */ = {isa = PBXBuildFile; fileRef = FA54F073275A66A8007053AA /* Waterlove.xcdatamodeld */; };
		FA54F077275A66AD007053AA /* Assets.xcassets in Resources */ = {isa = PBXBuildFile; fileRef = FA54F076275A66AD007053AA /* Assets.xcassets */; };
		FA54F07A275A66AD007053AA /* LaunchScreen.storyboard in Resources */ = {isa = PBXBuildFile; fileRef = FA54F078275A66AD007053AA /* LaunchScreen.storyboard */; };
		FA54F085275A66AD007053AA /* WaterloveTests.swift in Sources */ = {isa = PBXBuildFile; fileRef = FA54F084275A66AD007053AA /* WaterloveTests.swift */; };
		FA54F08F275A66AD007053AA /* WaterloveUITests.swift in Sources */ = {isa = PBXBuildFile; fileRef = FA54F08E275A66AD007053AA /* WaterloveUITests.swift */; };
		FA54F091275A66AD007053AA /* WaterloveUITestsLaunchTests.swift in Sources */ = {isa = PBXBuildFile; fileRef = FA54F090275A66AD007053AA /* WaterloveUITestsLaunchTests.swift */; };
		FA54F0A4275A6D2B007053AA /* Rswift in Frameworks */ = {isa = PBXBuildFile; productRef = FA54F0A3275A6D2B007053AA /* Rswift */; };
		FA54F0AA275F97FE007053AA /* AppFlowController.swift in Sources */ = {isa = PBXBuildFile; fileRef = FA54F0A9275F97FE007053AA /* AppFlowController.swift */; };
		FA54F0AD275F99C2007053AA /* UIViewController+Extensions.swift in Sources */ = {isa = PBXBuildFile; fileRef = FA54F0AC275F99C2007053AA /* UIViewController+Extensions.swift */; };
		FA54F0AF275F9DA0007053AA /* OnboardingFlowController.swift in Sources */ = {isa = PBXBuildFile; fileRef = FA54F0AE275F9DA0007053AA /* OnboardingFlowController.swift */; };
		FA54F0B3275FA108007053AA /* TutorialViewController.swift in Sources */ = {isa = PBXBuildFile; fileRef = FA54F0B2275FA108007053AA /* TutorialViewController.swift */; };
		FA54F0B6275FA14B007053AA /* WaterIntakeCalculatorViewController.swift in Sources */ = {isa = PBXBuildFile; fileRef = FA54F0B5275FA14B007053AA /* WaterIntakeCalculatorViewController.swift */; };
		FA54F0BC275FBC7B007053AA /* TutorialPageViewController.swift in Sources */ = {isa = PBXBuildFile; fileRef = FA54F0BB275FBC7B007053AA /* TutorialPageViewController.swift */; };
		FA54F0C2275FCFDD007053AA /* R.generated.swift in Sources */ = {isa = PBXBuildFile; fileRef = FA54F0A6275A6E34007053AA /* R.generated.swift */; };
		FA54F0C82760F241007053AA /* MainFlowController.swift in Sources */ = {isa = PBXBuildFile; fileRef = FA54F0C72760F241007053AA /* MainFlowController.swift */; };
		FA54F0CA2760F29B007053AA /* CurrentHydrationViewController.swift in Sources */ = {isa = PBXBuildFile; fileRef = FA54F0C92760F29B007053AA /* CurrentHydrationViewController.swift */; };
		FA54F0D02760F2D0007053AA /* SettingsViewController.swift in Sources */ = {isa = PBXBuildFile; fileRef = FA54F0CF2760F2D0007053AA /* SettingsViewController.swift */; };
		FA54F0D22760F2D9007053AA /* HistoryViewController.swift in Sources */ = {isa = PBXBuildFile; fileRef = FA54F0D12760F2D9007053AA /* HistoryViewController.swift */; };
		FA59AC052769FEB900EF02A3 /* SnapKit in Frameworks */ = {isa = PBXBuildFile; productRef = FA59AC042769FEB900EF02A3 /* SnapKit */; };
		FA59AC07276A0C7500EF02A3 /* CircularProgressBar.swift in Sources */ = {isa = PBXBuildFile; fileRef = FA59AC06276A0C7500EF02A3 /* CircularProgressBar.swift */; };
		FA59AC09276B52D400EF02A3 /* HydrationProgressView.swift in Sources */ = {isa = PBXBuildFile; fileRef = FA59AC08276B52D400EF02A3 /* HydrationProgressView.swift */; };
		FA59AC0B276B7CB100EF02A3 /* AnimationDelegate.swift in Sources */ = {isa = PBXBuildFile; fileRef = FA59AC0A276B7CB100EF02A3 /* AnimationDelegate.swift */; };
		FA59AC0E276CC60100EF02A3 /* TutorialStepViewController.swift in Sources */ = {isa = PBXBuildFile; fileRef = FA59AC0D276CC60100EF02A3 /* TutorialStepViewController.swift */; };
		FAA30ED5276779490031B17E /* Command.swift in Sources */ = {isa = PBXBuildFile; fileRef = FAA30ED4276779490031B17E /* Command.swift */; };
		FAC2824D276280B700A031BA /* WaterIntakeCalculator.swift in Sources */ = {isa = PBXBuildFile; fileRef = FAC2824C276280B700A031BA /* WaterIntakeCalculator.swift */; };
/* End PBXBuildFile section */

/* Begin PBXContainerItemProxy section */
		FA54F081275A66AD007053AA /* PBXContainerItemProxy */ = {
			isa = PBXContainerItemProxy;
			containerPortal = FA54F05F275A66A8007053AA /* Project object */;
			proxyType = 1;
			remoteGlobalIDString = FA54F066275A66A8007053AA;
			remoteInfo = Waterlove;
		};
		FA54F08B275A66AD007053AA /* PBXContainerItemProxy */ = {
			isa = PBXContainerItemProxy;
			containerPortal = FA54F05F275A66A8007053AA /* Project object */;
			proxyType = 1;
			remoteGlobalIDString = FA54F066275A66A8007053AA;
			remoteInfo = Waterlove;
		};
/* End PBXContainerItemProxy section */

/* Begin PBXFileReference section */
		FA54F067275A66A8007053AA /* Waterlove.app */ = {isa = PBXFileReference; explicitFileType = wrapper.application; includeInIndex = 0; path = Waterlove.app; sourceTree = BUILT_PRODUCTS_DIR; };
		FA54F06A275A66A8007053AA /* AppDelegate.swift */ = {isa = PBXFileReference; lastKnownFileType = sourcecode.swift; path = AppDelegate.swift; sourceTree = "<group>"; };
		FA54F06C275A66A8007053AA /* SceneDelegate.swift */ = {isa = PBXFileReference; lastKnownFileType = sourcecode.swift; path = SceneDelegate.swift; sourceTree = "<group>"; };
		FA54F071275A66A8007053AA /* Base */ = {isa = PBXFileReference; lastKnownFileType = file.storyboard; name = Base; path = Base.lproj/Main.storyboard; sourceTree = "<group>"; };
		FA54F074275A66A8007053AA /* Waterlove.xcdatamodel */ = {isa = PBXFileReference; lastKnownFileType = wrapper.xcdatamodel; path = Waterlove.xcdatamodel; sourceTree = "<group>"; };
		FA54F076275A66AD007053AA /* Assets.xcassets */ = {isa = PBXFileReference; lastKnownFileType = folder.assetcatalog; path = Assets.xcassets; sourceTree = "<group>"; };
		FA54F079275A66AD007053AA /* Base */ = {isa = PBXFileReference; lastKnownFileType = file.storyboard; name = Base; path = Base.lproj/LaunchScreen.storyboard; sourceTree = "<group>"; };
		FA54F07B275A66AD007053AA /* Info.plist */ = {isa = PBXFileReference; lastKnownFileType = text.plist.xml; path = Info.plist; sourceTree = "<group>"; };
		FA54F080275A66AD007053AA /* WaterloveTests.xctest */ = {isa = PBXFileReference; explicitFileType = wrapper.cfbundle; includeInIndex = 0; path = WaterloveTests.xctest; sourceTree = BUILT_PRODUCTS_DIR; };
		FA54F084275A66AD007053AA /* WaterloveTests.swift */ = {isa = PBXFileReference; lastKnownFileType = sourcecode.swift; path = WaterloveTests.swift; sourceTree = "<group>"; };
		FA54F08A275A66AD007053AA /* WaterloveUITests.xctest */ = {isa = PBXFileReference; explicitFileType = wrapper.cfbundle; includeInIndex = 0; path = WaterloveUITests.xctest; sourceTree = BUILT_PRODUCTS_DIR; };
		FA54F08E275A66AD007053AA /* WaterloveUITests.swift */ = {isa = PBXFileReference; lastKnownFileType = sourcecode.swift; path = WaterloveUITests.swift; sourceTree = "<group>"; };
		FA54F090275A66AD007053AA /* WaterloveUITestsLaunchTests.swift */ = {isa = PBXFileReference; lastKnownFileType = sourcecode.swift; path = WaterloveUITestsLaunchTests.swift; sourceTree = "<group>"; };
		FA54F09D275A6BD5007053AA /* .swiftlint.yml */ = {isa = PBXFileReference; lastKnownFileType = text.yaml; path = .swiftlint.yml; sourceTree = "<group>"; };
		FA54F09E275A6C00007053AA /* Gemfile */ = {isa = PBXFileReference; lastKnownFileType = text; path = Gemfile; sourceTree = "<group>"; };
		FA54F09F275A6C00007053AA /* .gitignore */ = {isa = PBXFileReference; lastKnownFileType = text; path = .gitignore; sourceTree = "<group>"; };
		FA54F0A0275A6C00007053AA /* .ruby-version */ = {isa = PBXFileReference; lastKnownFileType = text; path = ".ruby-version"; sourceTree = "<group>"; };
		FA54F0A6275A6E34007053AA /* R.generated.swift */ = {isa = PBXFileReference; lastKnownFileType = sourcecode.swift; path = R.generated.swift; sourceTree = "<group>"; };
		FA54F0A9275F97FE007053AA /* AppFlowController.swift */ = {isa = PBXFileReference; lastKnownFileType = sourcecode.swift; path = AppFlowController.swift; sourceTree = "<group>"; };
		FA54F0AC275F99C2007053AA /* UIViewController+Extensions.swift */ = {isa = PBXFileReference; lastKnownFileType = sourcecode.swift; path = "UIViewController+Extensions.swift"; sourceTree = "<group>"; };
		FA54F0AE275F9DA0007053AA /* OnboardingFlowController.swift */ = {isa = PBXFileReference; lastKnownFileType = sourcecode.swift; path = OnboardingFlowController.swift; sourceTree = "<group>"; };
		FA54F0B2275FA108007053AA /* TutorialViewController.swift */ = {isa = PBXFileReference; lastKnownFileType = sourcecode.swift; path = TutorialViewController.swift; sourceTree = "<group>"; };
		FA54F0B5275FA14B007053AA /* WaterIntakeCalculatorViewController.swift */ = {isa = PBXFileReference; lastKnownFileType = sourcecode.swift; path = WaterIntakeCalculatorViewController.swift; sourceTree = "<group>"; };
		FA54F0BB275FBC7B007053AA /* TutorialPageViewController.swift */ = {isa = PBXFileReference; lastKnownFileType = sourcecode.swift; path = TutorialPageViewController.swift; sourceTree = "<group>"; };
		FA54F0C72760F241007053AA /* MainFlowController.swift */ = {isa = PBXFileReference; lastKnownFileType = sourcecode.swift; path = MainFlowController.swift; sourceTree = "<group>"; };
		FA54F0C92760F29B007053AA /* CurrentHydrationViewController.swift */ = {isa = PBXFileReference; lastKnownFileType = sourcecode.swift; path = CurrentHydrationViewController.swift; sourceTree = "<group>"; };
		FA54F0CF2760F2D0007053AA /* SettingsViewController.swift */ = {isa = PBXFileReference; lastKnownFileType = sourcecode.swift; path = SettingsViewController.swift; sourceTree = "<group>"; };
		FA54F0D12760F2D9007053AA /* HistoryViewController.swift */ = {isa = PBXFileReference; lastKnownFileType = sourcecode.swift; path = HistoryViewController.swift; sourceTree = "<group>"; };
		FA59AC06276A0C7500EF02A3 /* CircularProgressBar.swift */ = {isa = PBXFileReference; lastKnownFileType = sourcecode.swift; path = CircularProgressBar.swift; sourceTree = "<group>"; };
		FA59AC08276B52D400EF02A3 /* HydrationProgressView.swift */ = {isa = PBXFileReference; lastKnownFileType = sourcecode.swift; path = HydrationProgressView.swift; sourceTree = "<group>"; };
		FA59AC0A276B7CB100EF02A3 /* AnimationDelegate.swift */ = {isa = PBXFileReference; lastKnownFileType = sourcecode.swift; path = AnimationDelegate.swift; sourceTree = "<group>"; };
		FA59AC0D276CC60100EF02A3 /* TutorialStepViewController.swift */ = {isa = PBXFileReference; lastKnownFileType = sourcecode.swift; path = TutorialStepViewController.swift; sourceTree = "<group>"; };
		FAA30ED4276779490031B17E /* Command.swift */ = {isa = PBXFileReference; lastKnownFileType = sourcecode.swift; path = Command.swift; sourceTree = "<group>"; };
		FAC2824C276280B700A031BA /* WaterIntakeCalculator.swift */ = {isa = PBXFileReference; lastKnownFileType = sourcecode.swift; path = WaterIntakeCalculator.swift; sourceTree = "<group>"; };
/* End PBXFileReference section */

/* Begin PBXFrameworksBuildPhase section */
		FA54F064275A66A8007053AA /* Frameworks */ = {
			isa = PBXFrameworksBuildPhase;
			buildActionMask = 2147483647;
			files = (
				FA54F0A4275A6D2B007053AA /* Rswift in Frameworks */,
				FA59AC052769FEB900EF02A3 /* SnapKit in Frameworks */,
			);
			runOnlyForDeploymentPostprocessing = 0;
		};
		FA54F07D275A66AD007053AA /* Frameworks */ = {
			isa = PBXFrameworksBuildPhase;
			buildActionMask = 2147483647;
			files = (
			);
			runOnlyForDeploymentPostprocessing = 0;
		};
		FA54F087275A66AD007053AA /* Frameworks */ = {
			isa = PBXFrameworksBuildPhase;
			buildActionMask = 2147483647;
			files = (
			);
			runOnlyForDeploymentPostprocessing = 0;
		};
/* End PBXFrameworksBuildPhase section */

/* Begin PBXGroup section */
		FA54F05E275A66A8007053AA = {
			isa = PBXGroup;
			children = (
				FA54F09F275A6C00007053AA /* .gitignore */,
				FA54F0A0275A6C00007053AA /* .ruby-version */,
				FA54F09E275A6C00007053AA /* Gemfile */,
				FA54F09D275A6BD5007053AA /* .swiftlint.yml */,
				FA54F0A6275A6E34007053AA /* R.generated.swift */,
				FA54F069275A66A8007053AA /* Waterlove */,
				FA54F083275A66AD007053AA /* WaterloveTests */,
				FA54F08D275A66AD007053AA /* WaterloveUITests */,
				FA54F068275A66A8007053AA /* Products */,
			);
			sourceTree = "<group>";
		};
		FA54F068275A66A8007053AA /* Products */ = {
			isa = PBXGroup;
			children = (
				FA54F067275A66A8007053AA /* Waterlove.app */,
				FA54F080275A66AD007053AA /* WaterloveTests.xctest */,
				FA54F08A275A66AD007053AA /* WaterloveUITests.xctest */,
			);
			name = Products;
			sourceTree = "<group>";
		};
		FA54F069275A66A8007053AA /* Waterlove */ = {
			isa = PBXGroup;
			children = (
				FA54F0B0275F9F96007053AA /* Feature */,
				FA54F0A7275F97BF007053AA /* Library */,
				FA54F06A275A66A8007053AA /* AppDelegate.swift */,
				FA54F06C275A66A8007053AA /* SceneDelegate.swift */,
				FA54F070275A66A8007053AA /* Main.storyboard */,
				FA54F076275A66AD007053AA /* Assets.xcassets */,
				FA54F078275A66AD007053AA /* LaunchScreen.storyboard */,
				FA54F07B275A66AD007053AA /* Info.plist */,
				FA54F073275A66A8007053AA /* Waterlove.xcdatamodeld */,
			);
			path = Waterlove;
			sourceTree = "<group>";
		};
		FA54F083275A66AD007053AA /* WaterloveTests */ = {
			isa = PBXGroup;
			children = (
				FA54F084275A66AD007053AA /* WaterloveTests.swift */,
			);
			path = WaterloveTests;
			sourceTree = "<group>";
		};
		FA54F08D275A66AD007053AA /* WaterloveUITests */ = {
			isa = PBXGroup;
			children = (
				FA54F08E275A66AD007053AA /* WaterloveUITests.swift */,
				FA54F090275A66AD007053AA /* WaterloveUITestsLaunchTests.swift */,
			);
			path = WaterloveUITests;
			sourceTree = "<group>";
		};
		FA54F0A7275F97BF007053AA /* Library */ = {
			isa = PBXGroup;
			children = (
				FA59AC0C276B8ADF00EF02A3 /* Views */,
				FAA30ED3276779400031B17E /* Utils */,
				FAC2824B2762809C00A031BA /* Service */,
				FA54F0AB275F999F007053AA /* Extensions */,
				FA54F0A8275F97CE007053AA /* Flow */,
			);
			path = Library;
			sourceTree = "<group>";
		};
		FA54F0A8275F97CE007053AA /* Flow */ = {
			isa = PBXGroup;
			children = (
				FA54F0A9275F97FE007053AA /* AppFlowController.swift */,
				FA54F0AE275F9DA0007053AA /* OnboardingFlowController.swift */,
				FA54F0C72760F241007053AA /* MainFlowController.swift */,
			);
			path = Flow;
			sourceTree = "<group>";
		};
		FA54F0AB275F999F007053AA /* Extensions */ = {
			isa = PBXGroup;
			children = (
				FA54F0AC275F99C2007053AA /* UIViewController+Extensions.swift */,
			);
			path = Extensions;
			sourceTree = "<group>";
		};
		FA54F0B0275F9F96007053AA /* Feature */ = {
			isa = PBXGroup;
			children = (
				FA54F0CE2760F2C1007053AA /* Settings */,
				FA54F0CC2760F2B6007053AA /* History */,
				FA54F0B4275FA12B007053AA /* WaterIntakeCalculator */,
				FA54F0B1275F9F9C007053AA /* Tutorial */,
				FA54F0CB2760F2A0007053AA /* CurrentHydration */,
			);
			path = Feature;
			sourceTree = "<group>";
		};
		FA54F0B1275F9F9C007053AA /* Tutorial */ = {
			isa = PBXGroup;
			children = (
				FA54F0B2275FA108007053AA /* TutorialViewController.swift */,
				FA54F0BB275FBC7B007053AA /* TutorialPageViewController.swift */,
				FA59AC0D276CC60100EF02A3 /* TutorialStepViewController.swift */,
			);
			path = Tutorial;
			sourceTree = "<group>";
		};
		FA54F0B4275FA12B007053AA /* WaterIntakeCalculator */ = {
			isa = PBXGroup;
			children = (
				FA54F0B5275FA14B007053AA /* WaterIntakeCalculatorViewController.swift */,
			);
			path = WaterIntakeCalculator;
			sourceTree = "<group>";
		};
		FA54F0CB2760F2A0007053AA /* CurrentHydration */ = {
			isa = PBXGroup;
			children = (
				FA54F0C92760F29B007053AA /* CurrentHydrationViewController.swift */,
				FA59AC08276B52D400EF02A3 /* HydrationProgressView.swift */,
			);
			path = CurrentHydration;
			sourceTree = "<group>";
		};
		FA54F0CC2760F2B6007053AA /* History */ = {
			isa = PBXGroup;
			children = (
				FA54F0D12760F2D9007053AA /* HistoryViewController.swift */,
			);
			path = History;
			sourceTree = "<group>";
		};
		FA54F0CE2760F2C1007053AA /* Settings */ = {
			isa = PBXGroup;
			children = (
				FA54F0CF2760F2D0007053AA /* SettingsViewController.swift */,
			);
			path = Settings;
			sourceTree = "<group>";
		};
		FA59AC0C276B8ADF00EF02A3 /* Views */ = {
			isa = PBXGroup;
			children = (
				FA59AC06276A0C7500EF02A3 /* CircularProgressBar.swift */,
			);
			path = Views;
			sourceTree = "<group>";
		};
		FAA30ED3276779400031B17E /* Utils */ = {
			isa = PBXGroup;
			children = (
				FAA30ED4276779490031B17E /* Command.swift */,
				FA59AC0A276B7CB100EF02A3 /* AnimationDelegate.swift */,
			);
			path = Utils;
			sourceTree = "<group>";
		};
		FAC2824B2762809C00A031BA /* Service */ = {
			isa = PBXGroup;
			children = (
				FAC2824C276280B700A031BA /* WaterIntakeCalculator.swift */,
			);
			path = Service;
			sourceTree = "<group>";
		};
/* End PBXGroup section */

/* Begin PBXNativeTarget section */
		FA54F066275A66A8007053AA /* Waterlove */ = {
			isa = PBXNativeTarget;
			buildConfigurationList = FA54F094275A66AD007053AA /* Build configuration list for PBXNativeTarget "Waterlove" */;
			buildPhases = (
				FA54F0A1275A6C76007053AA /* ShellScript */,
				FA54F0A5275A6D61007053AA /* ShellScript */,
				FA54F063275A66A8007053AA /* Sources */,
				FA54F064275A66A8007053AA /* Frameworks */,
				FA54F065275A66A8007053AA /* Resources */,
			);
			buildRules = (
			);
			dependencies = (
			);
			name = Waterlove;
			packageProductDependencies = (
				FA54F0A3275A6D2B007053AA /* Rswift */,
				FA59AC042769FEB900EF02A3 /* SnapKit */,
			);
			productName = Waterlove;
			productReference = FA54F067275A66A8007053AA /* Waterlove.app */;
			productType = "com.apple.product-type.application";
		};
		FA54F07F275A66AD007053AA /* WaterloveTests */ = {
			isa = PBXNativeTarget;
			buildConfigurationList = FA54F097275A66AD007053AA /* Build configuration list for PBXNativeTarget "WaterloveTests" */;
			buildPhases = (
				FA54F07C275A66AD007053AA /* Sources */,
				FA54F07D275A66AD007053AA /* Frameworks */,
				FA54F07E275A66AD007053AA /* Resources */,
			);
			buildRules = (
			);
			dependencies = (
				FA54F082275A66AD007053AA /* PBXTargetDependency */,
			);
			name = WaterloveTests;
			productName = WaterloveTests;
			productReference = FA54F080275A66AD007053AA /* WaterloveTests.xctest */;
			productType = "com.apple.product-type.bundle.unit-test";
		};
		FA54F089275A66AD007053AA /* WaterloveUITests */ = {
			isa = PBXNativeTarget;
			buildConfigurationList = FA54F09A275A66AD007053AA /* Build configuration list for PBXNativeTarget "WaterloveUITests" */;
			buildPhases = (
				FA54F086275A66AD007053AA /* Sources */,
				FA54F087275A66AD007053AA /* Frameworks */,
				FA54F088275A66AD007053AA /* Resources */,
			);
			buildRules = (
			);
			dependencies = (
				FA54F08C275A66AD007053AA /* PBXTargetDependency */,
			);
			name = WaterloveUITests;
			productName = WaterloveUITests;
			productReference = FA54F08A275A66AD007053AA /* WaterloveUITests.xctest */;
			productType = "com.apple.product-type.bundle.ui-testing";
		};
/* End PBXNativeTarget section */

/* Begin PBXProject section */
		FA54F05F275A66A8007053AA /* Project object */ = {
			isa = PBXProject;
			attributes = {
				BuildIndependentTargetsInParallel = 1;
				LastSwiftUpdateCheck = 1310;
				LastUpgradeCheck = 1310;
				TargetAttributes = {
					FA54F066275A66A8007053AA = {
						CreatedOnToolsVersion = 13.1;
					};
					FA54F07F275A66AD007053AA = {
						CreatedOnToolsVersion = 13.1;
						TestTargetID = FA54F066275A66A8007053AA;
					};
					FA54F089275A66AD007053AA = {
						CreatedOnToolsVersion = 13.1;
						TestTargetID = FA54F066275A66A8007053AA;
					};
				};
			};
			buildConfigurationList = FA54F062275A66A8007053AA /* Build configuration list for PBXProject "Waterlove" */;
			compatibilityVersion = "Xcode 13.0";
			developmentRegion = en;
			hasScannedForEncodings = 0;
			knownRegions = (
				en,
				Base,
			);
			mainGroup = FA54F05E275A66A8007053AA;
			packageReferences = (
				FA54F0A2275A6D2B007053AA /* XCRemoteSwiftPackageReference "R.swift" */,
				FA59AC032769FEB900EF02A3 /* XCRemoteSwiftPackageReference "SnapKit" */,
			);
			productRefGroup = FA54F068275A66A8007053AA /* Products */;
			projectDirPath = "";
			projectRoot = "";
			targets = (
				FA54F066275A66A8007053AA /* Waterlove */,
				FA54F07F275A66AD007053AA /* WaterloveTests */,
				FA54F089275A66AD007053AA /* WaterloveUITests */,
			);
		};
/* End PBXProject section */

/* Begin PBXResourcesBuildPhase section */
		FA54F065275A66A8007053AA /* Resources */ = {
			isa = PBXResourcesBuildPhase;
			buildActionMask = 2147483647;
			files = (
				FA54F07A275A66AD007053AA /* LaunchScreen.storyboard in Resources */,
				FA54F077275A66AD007053AA /* Assets.xcassets in Resources */,
				FA54F072275A66A8007053AA /* Main.storyboard in Resources */,
			);
			runOnlyForDeploymentPostprocessing = 0;
		};
		FA54F07E275A66AD007053AA /* Resources */ = {
			isa = PBXResourcesBuildPhase;
			buildActionMask = 2147483647;
			files = (
			);
			runOnlyForDeploymentPostprocessing = 0;
		};
		FA54F088275A66AD007053AA /* Resources */ = {
			isa = PBXResourcesBuildPhase;
			buildActionMask = 2147483647;
			files = (
			);
			runOnlyForDeploymentPostprocessing = 0;
		};
/* End PBXResourcesBuildPhase section */

/* Begin PBXShellScriptBuildPhase section */
		FA54F0A1275A6C76007053AA /* ShellScript */ = {
			isa = PBXShellScriptBuildPhase;
			alwaysOutOfDate = 1;
			buildActionMask = 2147483647;
			files = (
			);
			inputFileListPaths = (
			);
			inputPaths = (
			);
			outputFileListPaths = (
			);
			outputPaths = (
			);
			runOnlyForDeploymentPostprocessing = 0;
			shellPath = /bin/sh;
			shellScript = "PATH=/opt/homebrew/bin:$PATH\nif which swiftlint >/dev/null; then\n  mint run swiftlint --no-cache\nelse\n  echo \"warning: SwiftLint not installed, download from https://github.com/realm/SwiftLint\"\nfi\n\n";
		};
		FA54F0A5275A6D61007053AA /* ShellScript */ = {
			isa = PBXShellScriptBuildPhase;
			buildActionMask = 2147483647;
			files = (
			);
			inputFileListPaths = (
			);
			inputPaths = (
				"$(TEMP_DIR)/rswift-lastrun",
			);
			outputFileListPaths = (
			);
			outputPaths = (
				$SRCROOT/R.generated.swift,
			);
			runOnlyForDeploymentPostprocessing = 0;
			shellPath = /bin/sh;
			shellScript = "if mint list | grep -q 'R.swift'; then\n  mint run R.swift rswift generate \"$SRCROOT/R.generated.swift\"\nelse\n  echo \"error: R.swift not installed; run 'mint bootstrap' to install\"\n  return -1\nfi\n";
		};
/* End PBXShellScriptBuildPhase section */

/* Begin PBXSourcesBuildPhase section */
		FA54F063275A66A8007053AA /* Sources */ = {
			isa = PBXSourcesBuildPhase;
			buildActionMask = 2147483647;
			files = (
				FAA30ED5276779490031B17E /* Command.swift in Sources */,
				FA54F0C82760F241007053AA /* MainFlowController.swift in Sources */,
				FA59AC0B276B7CB100EF02A3 /* AnimationDelegate.swift in Sources */,
				FA59AC09276B52D400EF02A3 /* HydrationProgressView.swift in Sources */,
				FA54F0AF275F9DA0007053AA /* OnboardingFlowController.swift in Sources */,
				FA54F0B3275FA108007053AA /* TutorialViewController.swift in Sources */,
				FA54F06B275A66A8007053AA /* AppDelegate.swift in Sources */,
				FA54F06D275A66A8007053AA /* SceneDelegate.swift in Sources */,
				FA54F0D22760F2D9007053AA /* HistoryViewController.swift in Sources */,
				FA54F0B6275FA14B007053AA /* WaterIntakeCalculatorViewController.swift in Sources */,
				FA54F075275A66A8007053AA /* Waterlove.xcdatamodeld in Sources */,
				FAC2824D276280B700A031BA /* WaterIntakeCalculator.swift in Sources */,
				FA54F0CA2760F29B007053AA /* CurrentHydrationViewController.swift in Sources */,
				FA59AC07276A0C7500EF02A3 /* CircularProgressBar.swift in Sources */,
				FA54F0BC275FBC7B007053AA /* TutorialPageViewController.swift in Sources */,
				FA54F0AD275F99C2007053AA /* UIViewController+Extensions.swift in Sources */,
				FA59AC0E276CC60100EF02A3 /* TutorialStepViewController.swift in Sources */,
				FA54F0D02760F2D0007053AA /* SettingsViewController.swift in Sources */,
				FA54F0C2275FCFDD007053AA /* R.generated.swift in Sources */,
				FA54F0AA275F97FE007053AA /* AppFlowController.swift in Sources */,
			);
			runOnlyForDeploymentPostprocessing = 0;
		};
		FA54F07C275A66AD007053AA /* Sources */ = {
			isa = PBXSourcesBuildPhase;
			buildActionMask = 2147483647;
			files = (
				FA54F085275A66AD007053AA /* WaterloveTests.swift in Sources */,
			);
			runOnlyForDeploymentPostprocessing = 0;
		};
		FA54F086275A66AD007053AA /* Sources */ = {
			isa = PBXSourcesBuildPhase;
			buildActionMask = 2147483647;
			files = (
				FA54F091275A66AD007053AA /* WaterloveUITestsLaunchTests.swift in Sources */,
				FA54F08F275A66AD007053AA /* WaterloveUITests.swift in Sources */,
			);
			runOnlyForDeploymentPostprocessing = 0;
		};
/* End PBXSourcesBuildPhase section */

/* Begin PBXTargetDependency section */
		FA54F082275A66AD007053AA /* PBXTargetDependency */ = {
			isa = PBXTargetDependency;
			target = FA54F066275A66A8007053AA /* Waterlove */;
			targetProxy = FA54F081275A66AD007053AA /* PBXContainerItemProxy */;
		};
		FA54F08C275A66AD007053AA /* PBXTargetDependency */ = {
			isa = PBXTargetDependency;
			target = FA54F066275A66A8007053AA /* Waterlove */;
			targetProxy = FA54F08B275A66AD007053AA /* PBXContainerItemProxy */;
		};
/* End PBXTargetDependency section */

/* Begin PBXVariantGroup section */
		FA54F070275A66A8007053AA /* Main.storyboard */ = {
			isa = PBXVariantGroup;
			children = (
				FA54F071275A66A8007053AA /* Base */,
			);
			name = Main.storyboard;
			sourceTree = "<group>";
		};
		FA54F078275A66AD007053AA /* LaunchScreen.storyboard */ = {
			isa = PBXVariantGroup;
			children = (
				FA54F079275A66AD007053AA /* Base */,
			);
			name = LaunchScreen.storyboard;
			sourceTree = "<group>";
		};
/* End PBXVariantGroup section */

/* Begin XCBuildConfiguration section */
		FA54F092275A66AD007053AA /* Debug */ = {
			isa = XCBuildConfiguration;
			buildSettings = {
				ALWAYS_SEARCH_USER_PATHS = NO;
				CLANG_ANALYZER_NONNULL = YES;
				CLANG_ANALYZER_NUMBER_OBJECT_CONVERSION = YES_AGGRESSIVE;
				CLANG_CXX_LANGUAGE_STANDARD = "gnu++17";
				CLANG_CXX_LIBRARY = "libc++";
				CLANG_ENABLE_MODULES = YES;
				CLANG_ENABLE_OBJC_ARC = YES;
				CLANG_ENABLE_OBJC_WEAK = YES;
				CLANG_WARN_BLOCK_CAPTURE_AUTORELEASING = YES;
				CLANG_WARN_BOOL_CONVERSION = YES;
				CLANG_WARN_COMMA = YES;
				CLANG_WARN_CONSTANT_CONVERSION = YES;
				CLANG_WARN_DEPRECATED_OBJC_IMPLEMENTATIONS = YES;
				CLANG_WARN_DIRECT_OBJC_ISA_USAGE = YES_ERROR;
				CLANG_WARN_DOCUMENTATION_COMMENTS = YES;
				CLANG_WARN_EMPTY_BODY = YES;
				CLANG_WARN_ENUM_CONVERSION = YES;
				CLANG_WARN_INFINITE_RECURSION = YES;
				CLANG_WARN_INT_CONVERSION = YES;
				CLANG_WARN_NON_LITERAL_NULL_CONVERSION = YES;
				CLANG_WARN_OBJC_IMPLICIT_RETAIN_SELF = YES;
				CLANG_WARN_OBJC_LITERAL_CONVERSION = YES;
				CLANG_WARN_OBJC_ROOT_CLASS = YES_ERROR;
				CLANG_WARN_QUOTED_INCLUDE_IN_FRAMEWORK_HEADER = YES;
				CLANG_WARN_RANGE_LOOP_ANALYSIS = YES;
				CLANG_WARN_STRICT_PROTOTYPES = YES;
				CLANG_WARN_SUSPICIOUS_MOVE = YES;
				CLANG_WARN_UNGUARDED_AVAILABILITY = YES_AGGRESSIVE;
				CLANG_WARN_UNREACHABLE_CODE = YES;
				CLANG_WARN__DUPLICATE_METHOD_MATCH = YES;
				COPY_PHASE_STRIP = NO;
				DEBUG_INFORMATION_FORMAT = dwarf;
				ENABLE_STRICT_OBJC_MSGSEND = YES;
				ENABLE_TESTABILITY = YES;
				GCC_C_LANGUAGE_STANDARD = gnu11;
				GCC_DYNAMIC_NO_PIC = NO;
				GCC_NO_COMMON_BLOCKS = YES;
				GCC_OPTIMIZATION_LEVEL = 0;
				GCC_PREPROCESSOR_DEFINITIONS = (
					"DEBUG=1",
					"$(inherited)",
				);
				GCC_WARN_64_TO_32_BIT_CONVERSION = YES;
				GCC_WARN_ABOUT_RETURN_TYPE = YES_ERROR;
				GCC_WARN_UNDECLARED_SELECTOR = YES;
				GCC_WARN_UNINITIALIZED_AUTOS = YES_AGGRESSIVE;
				GCC_WARN_UNUSED_FUNCTION = YES;
				GCC_WARN_UNUSED_VARIABLE = YES;
				IPHONEOS_DEPLOYMENT_TARGET = 15.0;
				MTL_ENABLE_DEBUG_INFO = INCLUDE_SOURCE;
				MTL_FAST_MATH = YES;
				ONLY_ACTIVE_ARCH = YES;
				SDKROOT = iphoneos;
				SWIFT_ACTIVE_COMPILATION_CONDITIONS = DEBUG;
				SWIFT_OPTIMIZATION_LEVEL = "-Onone";
			};
			name = Debug;
		};
		FA54F093275A66AD007053AA /* Release */ = {
			isa = XCBuildConfiguration;
			buildSettings = {
				ALWAYS_SEARCH_USER_PATHS = NO;
				CLANG_ANALYZER_NONNULL = YES;
				CLANG_ANALYZER_NUMBER_OBJECT_CONVERSION = YES_AGGRESSIVE;
				CLANG_CXX_LANGUAGE_STANDARD = "gnu++17";
				CLANG_CXX_LIBRARY = "libc++";
				CLANG_ENABLE_MODULES = YES;
				CLANG_ENABLE_OBJC_ARC = YES;
				CLANG_ENABLE_OBJC_WEAK = YES;
				CLANG_WARN_BLOCK_CAPTURE_AUTORELEASING = YES;
				CLANG_WARN_BOOL_CONVERSION = YES;
				CLANG_WARN_COMMA = YES;
				CLANG_WARN_CONSTANT_CONVERSION = YES;
				CLANG_WARN_DEPRECATED_OBJC_IMPLEMENTATIONS = YES;
				CLANG_WARN_DIRECT_OBJC_ISA_USAGE = YES_ERROR;
				CLANG_WARN_DOCUMENTATION_COMMENTS = YES;
				CLANG_WARN_EMPTY_BODY = YES;
				CLANG_WARN_ENUM_CONVERSION = YES;
				CLANG_WARN_INFINITE_RECURSION = YES;
				CLANG_WARN_INT_CONVERSION = YES;
				CLANG_WARN_NON_LITERAL_NULL_CONVERSION = YES;
				CLANG_WARN_OBJC_IMPLICIT_RETAIN_SELF = YES;
				CLANG_WARN_OBJC_LITERAL_CONVERSION = YES;
				CLANG_WARN_OBJC_ROOT_CLASS = YES_ERROR;
				CLANG_WARN_QUOTED_INCLUDE_IN_FRAMEWORK_HEADER = YES;
				CLANG_WARN_RANGE_LOOP_ANALYSIS = YES;
				CLANG_WARN_STRICT_PROTOTYPES = YES;
				CLANG_WARN_SUSPICIOUS_MOVE = YES;
				CLANG_WARN_UNGUARDED_AVAILABILITY = YES_AGGRESSIVE;
				CLANG_WARN_UNREACHABLE_CODE = YES;
				CLANG_WARN__DUPLICATE_METHOD_MATCH = YES;
				COPY_PHASE_STRIP = NO;
				DEBUG_INFORMATION_FORMAT = "dwarf-with-dsym";
				ENABLE_NS_ASSERTIONS = NO;
				ENABLE_STRICT_OBJC_MSGSEND = YES;
				GCC_C_LANGUAGE_STANDARD = gnu11;
				GCC_NO_COMMON_BLOCKS = YES;
				GCC_WARN_64_TO_32_BIT_CONVERSION = YES;
				GCC_WARN_ABOUT_RETURN_TYPE = YES_ERROR;
				GCC_WARN_UNDECLARED_SELECTOR = YES;
				GCC_WARN_UNINITIALIZED_AUTOS = YES_AGGRESSIVE;
				GCC_WARN_UNUSED_FUNCTION = YES;
				GCC_WARN_UNUSED_VARIABLE = YES;
				INFOPLIST_KEY_UISupportedInterfaceOrientations_iPhone = "";
				IPHONEOS_DEPLOYMENT_TARGET = 15.0;
				MTL_ENABLE_DEBUG_INFO = NO;
				MTL_FAST_MATH = YES;
				SDKROOT = iphoneos;
				SWIFT_COMPILATION_MODE = wholemodule;
				SWIFT_OPTIMIZATION_LEVEL = "-O";
				VALIDATE_PRODUCT = YES;
			};
			name = Release;
		};
		FA54F095275A66AD007053AA /* Debug */ = {
			isa = XCBuildConfiguration;
			buildSettings = {
				ASSETCATALOG_COMPILER_APPICON_NAME = AppIcon;
				ASSETCATALOG_COMPILER_GLOBAL_ACCENT_COLOR_NAME = AccentColor;
				CODE_SIGN_STYLE = Automatic;
				CURRENT_PROJECT_VERSION = 1;
				DEVELOPMENT_TEAM = W6MAKY98QY;
				GENERATE_INFOPLIST_FILE = YES;
				INFOPLIST_FILE = Waterlove/Info.plist;
				INFOPLIST_KEY_UIApplicationSupportsIndirectInputEvents = YES;
				INFOPLIST_KEY_UILaunchStoryboardName = LaunchScreen;
				INFOPLIST_KEY_UISupportedInterfaceOrientations = UIInterfaceOrientationPortrait;
				INFOPLIST_KEY_UISupportedInterfaceOrientations_iPad = "UIInterfaceOrientationPortrait UIInterfaceOrientationPortraitUpsideDown UIInterfaceOrientationLandscapeLeft UIInterfaceOrientationLandscapeRight";
				INFOPLIST_KEY_UISupportedInterfaceOrientations_iPhone = UIInterfaceOrientationPortrait;
				LD_RUNPATH_SEARCH_PATHS = (
					"$(inherited)",
					"@executable_path/Frameworks",
				);
				MARKETING_VERSION = 1.0;
				PRODUCT_BUNDLE_IDENTIFIER = oleksiy.petlyuk.Waterlove;
				PRODUCT_NAME = "$(TARGET_NAME)";
				SWIFT_EMIT_LOC_STRINGS = YES;
				SWIFT_VERSION = 5.0;
				TARGETED_DEVICE_FAMILY = 1;
			};
			name = Debug;
		};
		FA54F096275A66AD007053AA /* Release */ = {
			isa = XCBuildConfiguration;
			buildSettings = {
				ASSETCATALOG_COMPILER_APPICON_NAME = AppIcon;
				ASSETCATALOG_COMPILER_GLOBAL_ACCENT_COLOR_NAME = AccentColor;
				CODE_SIGN_STYLE = Automatic;
				CURRENT_PROJECT_VERSION = 1;
				DEVELOPMENT_TEAM = W6MAKY98QY;
				GENERATE_INFOPLIST_FILE = YES;
				INFOPLIST_FILE = Waterlove/Info.plist;
				INFOPLIST_KEY_UIApplicationSupportsIndirectInputEvents = YES;
				INFOPLIST_KEY_UILaunchStoryboardName = LaunchScreen;
				INFOPLIST_KEY_UISupportedInterfaceOrientations = UIInterfaceOrientationPortrait;
				INFOPLIST_KEY_UISupportedInterfaceOrientations_iPad = "UIInterfaceOrientationPortrait UIInterfaceOrientationPortraitUpsideDown UIInterfaceOrientationLandscapeLeft UIInterfaceOrientationLandscapeRight";
				INFOPLIST_KEY_UISupportedInterfaceOrientations_iPhone = UIInterfaceOrientationPortrait;
				LD_RUNPATH_SEARCH_PATHS = (
					"$(inherited)",
					"@executable_path/Frameworks",
				);
				MARKETING_VERSION = 1.0;
				PRODUCT_BUNDLE_IDENTIFIER = oleksiy.petlyuk.Waterlove;
				PRODUCT_NAME = "$(TARGET_NAME)";
				SWIFT_EMIT_LOC_STRINGS = YES;
				SWIFT_VERSION = 5.0;
				TARGETED_DEVICE_FAMILY = 1;
			};
			name = Release;
		};
		FA54F098275A66AD007053AA /* Debug */ = {
			isa = XCBuildConfiguration;
			buildSettings = {
				ALWAYS_EMBED_SWIFT_STANDARD_LIBRARIES = YES;
				BUNDLE_LOADER = "$(TEST_HOST)";
				CODE_SIGN_STYLE = Automatic;
				CURRENT_PROJECT_VERSION = 1;
				DEVELOPMENT_TEAM = W6MAKY98QY;
				GENERATE_INFOPLIST_FILE = YES;
				IPHONEOS_DEPLOYMENT_TARGET = 15.0;
				LD_RUNPATH_SEARCH_PATHS = (
					"$(inherited)",
					"@executable_path/Frameworks",
					"@loader_path/Frameworks",
				);
				MARKETING_VERSION = 1.0;
				PRODUCT_BUNDLE_IDENTIFIER = oleksiy.petlyuk.WaterloveTests;
				PRODUCT_NAME = "$(TARGET_NAME)";
				SWIFT_EMIT_LOC_STRINGS = NO;
				SWIFT_VERSION = 5.0;
				TARGETED_DEVICE_FAMILY = "1,2";
				TEST_HOST = "$(BUILT_PRODUCTS_DIR)/Waterlove.app/Waterlove";
			};
			name = Debug;
		};
		FA54F099275A66AD007053AA /* Release */ = {
			isa = XCBuildConfiguration;
			buildSettings = {
				ALWAYS_EMBED_SWIFT_STANDARD_LIBRARIES = YES;
				BUNDLE_LOADER = "$(TEST_HOST)";
				CODE_SIGN_STYLE = Automatic;
				CURRENT_PROJECT_VERSION = 1;
				DEVELOPMENT_TEAM = W6MAKY98QY;
				GENERATE_INFOPLIST_FILE = YES;
				IPHONEOS_DEPLOYMENT_TARGET = 15.0;
				LD_RUNPATH_SEARCH_PATHS = (
					"$(inherited)",
					"@executable_path/Frameworks",
					"@loader_path/Frameworks",
				);
				MARKETING_VERSION = 1.0;
				PRODUCT_BUNDLE_IDENTIFIER = oleksiy.petlyuk.WaterloveTests;
				PRODUCT_NAME = "$(TARGET_NAME)";
				SWIFT_EMIT_LOC_STRINGS = NO;
				SWIFT_VERSION = 5.0;
				TARGETED_DEVICE_FAMILY = "1,2";
				TEST_HOST = "$(BUILT_PRODUCTS_DIR)/Waterlove.app/Waterlove";
			};
			name = Release;
		};
		FA54F09B275A66AD007053AA /* Debug */ = {
			isa = XCBuildConfiguration;
			buildSettings = {
				ALWAYS_EMBED_SWIFT_STANDARD_LIBRARIES = YES;
				CODE_SIGN_STYLE = Automatic;
				CURRENT_PROJECT_VERSION = 1;
				DEVELOPMENT_TEAM = W6MAKY98QY;
				GENERATE_INFOPLIST_FILE = YES;
				LD_RUNPATH_SEARCH_PATHS = (
					"$(inherited)",
					"@executable_path/Frameworks",
					"@loader_path/Frameworks",
				);
				MARKETING_VERSION = 1.0;
				PRODUCT_BUNDLE_IDENTIFIER = oleksiy.petlyuk.WaterloveUITests;
				PRODUCT_NAME = "$(TARGET_NAME)";
				SWIFT_EMIT_LOC_STRINGS = NO;
				SWIFT_VERSION = 5.0;
				TARGETED_DEVICE_FAMILY = "1,2";
				TEST_TARGET_NAME = Waterlove;
			};
			name = Debug;
		};
		FA54F09C275A66AD007053AA /* Release */ = {
			isa = XCBuildConfiguration;
			buildSettings = {
				ALWAYS_EMBED_SWIFT_STANDARD_LIBRARIES = YES;
				CODE_SIGN_STYLE = Automatic;
				CURRENT_PROJECT_VERSION = 1;
				DEVELOPMENT_TEAM = W6MAKY98QY;
				GENERATE_INFOPLIST_FILE = YES;
				LD_RUNPATH_SEARCH_PATHS = (
					"$(inherited)",
					"@executable_path/Frameworks",
					"@loader_path/Frameworks",
				);
				MARKETING_VERSION = 1.0;
				PRODUCT_BUNDLE_IDENTIFIER = oleksiy.petlyuk.WaterloveUITests;
				PRODUCT_NAME = "$(TARGET_NAME)";
				SWIFT_EMIT_LOC_STRINGS = NO;
				SWIFT_VERSION = 5.0;
				TARGETED_DEVICE_FAMILY = "1,2";
				TEST_TARGET_NAME = Waterlove;
			};
			name = Release;
		};
/* End XCBuildConfiguration section */

/* Begin XCConfigurationList section */
		FA54F062275A66A8007053AA /* Build configuration list for PBXProject "Waterlove" */ = {
			isa = XCConfigurationList;
			buildConfigurations = (
				FA54F092275A66AD007053AA /* Debug */,
				FA54F093275A66AD007053AA /* Release */,
			);
			defaultConfigurationIsVisible = 0;
			defaultConfigurationName = Release;
		};
		FA54F094275A66AD007053AA /* Build configuration list for PBXNativeTarget "Waterlove" */ = {
			isa = XCConfigurationList;
			buildConfigurations = (
				FA54F095275A66AD007053AA /* Debug */,
				FA54F096275A66AD007053AA /* Release */,
			);
			defaultConfigurationIsVisible = 0;
			defaultConfigurationName = Release;
		};
		FA54F097275A66AD007053AA /* Build configuration list for PBXNativeTarget "WaterloveTests" */ = {
			isa = XCConfigurationList;
			buildConfigurations = (
				FA54F098275A66AD007053AA /* Debug */,
				FA54F099275A66AD007053AA /* Release */,
			);
			defaultConfigurationIsVisible = 0;
			defaultConfigurationName = Release;
		};
		FA54F09A275A66AD007053AA /* Build configuration list for PBXNativeTarget "WaterloveUITests" */ = {
			isa = XCConfigurationList;
			buildConfigurations = (
				FA54F09B275A66AD007053AA /* Debug */,
				FA54F09C275A66AD007053AA /* Release */,
			);
			defaultConfigurationIsVisible = 0;
			defaultConfigurationName = Release;
		};
/* End XCConfigurationList section */

/* Begin XCRemoteSwiftPackageReference section */
		FA54F0A2275A6D2B007053AA /* XCRemoteSwiftPackageReference "R.swift" */ = {
			isa = XCRemoteSwiftPackageReference;
			repositoryURL = "https://github.com/mac-cain13/R.swift.Library";
			requirement = {
				kind = upToNextMajorVersion;
				minimumVersion = 5.4.0;
			};
		};
		FA59AC032769FEB900EF02A3 /* XCRemoteSwiftPackageReference "SnapKit" */ = {
			isa = XCRemoteSwiftPackageReference;
			repositoryURL = "https://github.com/SnapKit/SnapKit";
			requirement = {
				kind = upToNextMajorVersion;
				minimumVersion = 5.0.1;
			};
		};
/* End XCRemoteSwiftPackageReference section */

/* Begin XCSwiftPackageProductDependency section */
		FA54F0A3275A6D2B007053AA /* Rswift */ = {
			isa = XCSwiftPackageProductDependency;
			package = FA54F0A2275A6D2B007053AA /* XCRemoteSwiftPackageReference "R.swift" */;
			productName = Rswift;
		};
		FA59AC042769FEB900EF02A3 /* SnapKit */ = {
			isa = XCSwiftPackageProductDependency;
			package = FA59AC032769FEB900EF02A3 /* XCRemoteSwiftPackageReference "SnapKit" */;
			productName = SnapKit;
		};
/* End XCSwiftPackageProductDependency section */

/* Begin XCVersionGroup section */
		FA54F073275A66A8007053AA /* Waterlove.xcdatamodeld */ = {
			isa = XCVersionGroup;
			children = (
				FA54F074275A66A8007053AA /* Waterlove.xcdatamodel */,
			);
			currentVersion = FA54F074275A66A8007053AA /* Waterlove.xcdatamodel */;
			path = Waterlove.xcdatamodeld;
			sourceTree = "<group>";
			versionGroupType = wrapper.xcdatamodel;
		};
/* End XCVersionGroup section */
	};
	rootObject = FA54F05F275A66A8007053AA /* Project object */;
}
